github.com/girishshekhar/girishshekhar-theme v0.0.0-20260127043107-623a16163595 h1:vdiJMcvdxdhNAb+eQfn0oeIG50nbilw0nH9JohRL8Vw=
github.com/girishshekhar/girishshekhar-theme v0.0.0-20260127043107-623a16163595/go.mod h1:u2cCYBVRBV+3x+E8N2ShMqzkZw3HQOk+Gu5VAQoZ7vg=
github.com/girishshekhar/girishshekhar-theme v0.0.0-20260127043536-22e779f29460 h1:D6wTr9sTWL6/TzQFsZOv9ltgQVs8imCq0O2MFpAtNXc=
github.com/girishshekhar/girishshekhar-theme v0.0.0-20260127043536-22e779f29460/go.mod h1:u2cCYBVRBV+3x+E8N2ShMqzkZw3HQOk+Gu5VAQoZ7vg=
github.com/girishshekhar/girishshekhar-theme v0.0.0-20260127044229-cc4c06336ac4 h1:bCzcgMzTflQy5ADNznsUZaRYTydlKIcl7FkZuXTKCbQ=
github.com/girishshekhar/girishshekhar-theme v0.0.0-20260127044229-cc4c06336ac4/go.mod h1:u2cCYBVRBV+3x+E8N2ShMqzkZw3HQOk+Gu5VAQoZ7vg=
github.com/girishshekhar/girishshekhar-theme v0.0.0-20260127045036-3c01e70b7fbb h1:4TzMggqOI3CXpTRTdw2uXzqp5MdvTVJP8GFCeB2aC2o=
github.com/girishshekhar/girishshekhar-theme v0.0.0-20260127045036-3c01e70b7fbb/go.mod h1:u2cCYBVRBV+3x+E8N2ShMqzkZw3HQOk+Gu5VAQoZ7vg=
github.com/girishshekhar/girishshekhar-theme v0.0.0-20260128060746-2e9531ecf2f4 h1:Y2SErjo8nFQN4n3zH1h5jfL9nQOSCtk2wauef8ZMIAE=
github.com/girishshekhar/girishshekhar-theme v0.0.0-20260128060746-2e9531ecf2f4/go.mod h1:u2cCYBVRBV+3x+E8N2ShMqzkZw3HQOk+Gu5VAQoZ7vg=
