github.com/girishshekhar/girishshekhar-theme v0.0.0-20260126014058-baa3fa4cca2c h1:dTQ1IG9C7RbZZE+4dFmuji7RO6z+0oabTytrILZ5/qw=
github.com/girishshekhar/girishshekhar-theme v0.0.0-20260126014058-baa3fa4cca2c/go.mod h1:u2cCYBVRBV+3x+E8N2ShMqzkZw3HQOk+Gu5VAQoZ7vg=
github.com/girishshekhar/girishshekhar-theme v0.0.0-20260126015611-b745029dec4e h1:57cAKpJm9iq5zw4Yl7sdFqGvqYJQiwEFvZTpxZNLgZM=
github.com/girishshekhar/girishshekhar-theme v0.0.0-20260126015611-b745029dec4e/go.mod h1:u2cCYBVRBV+3x+E8N2ShMqzkZw3HQOk+Gu5VAQoZ7vg=
github.com/girishshekhar/girishshekhar-theme v0.0.0-20260126020053-0edbaf81344e h1:vzsiTaAbJPULevp6SLb1jcMAlgwZUeXUibZoFPL6RZ8=
github.com/girishshekhar/girishshekhar-theme v0.0.0-20260126020053-0edbaf81344e/go.mod h1:u2cCYBVRBV+3x+E8N2ShMqzkZw3HQOk+Gu5VAQoZ7vg=
github.com/girishshekhar/girishshekhar-theme v0.0.0-20260126020310-c9aa35c1fe19 h1:JRM8bTDdrjENw3Z4GnSZSNjdBMjUNmgDTU3goIn6JRc=
github.com/girishshekhar/girishshekhar-theme v0.0.0-20260126020310-c9aa35c1fe19/go.mod h1:u2cCYBVRBV+3x+E8N2ShMqzkZw3HQOk+Gu5VAQoZ7vg=
